# This file is automatically @generated by Cargo.
# It is not intended for manual editing.
version = 3

[[package]]
name = "day8"
version = "0.1.0"
dependencies = [
 "grid",
]

[[package]]
name = "grid"
version = "0.14.0"
source = "registry+https://github.com/rust-lang/crates.io-index"
checksum = "be136d9dacc2a13cc70bb6c8f902b414fb2641f8db1314637c6b7933411a8f82"
